// !$*UTF8*$!
{
	archiveVersion = 1;
	classes = {
	};
	objectVersion = 50;
	objects = {

/* Begin PBXBuildFile section */
		45318E0523ACB83B00A37F63 /* AppDelegate.m in Sources */ = {isa = PBXBuildFile; fileRef = 45318E0423ACB83B00A37F63 /* AppDelegate.m */; };
		45318E0823ACB83B00A37F63 /* ViewController.m in Sources */ = {isa = PBXBuildFile; fileRef = 45318E0723ACB83B00A37F63 /* ViewController.m */; };
		45318E0B23ACB83B00A37F63 /* Main.storyboard in Resources */ = {isa = PBXBuildFile; fileRef = 45318E0923ACB83B00A37F63 /* Main.storyboard */; };
		45318E0D23ACB83C00A37F63 /* Assets.xcassets in Resources */ = {isa = PBXBuildFile; fileRef = 45318E0C23ACB83C00A37F63 /* Assets.xcassets */; };
		45318E1023ACB83C00A37F63 /* LaunchScreen.storyboard in Resources */ = {isa = PBXBuildFile; fileRef = 45318E0E23ACB83C00A37F63 /* LaunchScreen.storyboard */; };
		45318E1323ACB83C00A37F63 /* main.m in Sources */ = {isa = PBXBuildFile; fileRef = 45318E1223ACB83C00A37F63 /* main.m */; };
		45318E1D23ACB83C00A37F63 /* BubbleSortTests.m in Sources */ = {isa = PBXBuildFile; fileRef = 45318E1C23ACB83C00A37F63 /* BubbleSortTests.m */; };
		45318E2823ACB83C00A37F63 /* BubbleSortUITests.m in Sources */ = {isa = PBXBuildFile; fileRef = 45318E2723ACB83C00A37F63 /* BubbleSortUITests.m */; };
/* End PBXBuildFile section */

/* Begin PBXContainerItemProxy section */
		45318E1923ACB83C00A37F63 /* PBXContainerItemProxy */ = {
			isa = PBXContainerItemProxy;
			containerPortal = 45318DF823ACB83B00A37F63 /* Project object */;
			proxyType = 1;
			remoteGlobalIDString = 45318DFF23ACB83B00A37F63;
			remoteInfo = BubbleSort;
		};
		45318E2423ACB83C00A37F63 /* PBXContainerItemProxy */ = {
			isa = PBXContainerItemProxy;
			containerPortal = 45318DF823ACB83B00A37F63 /* Project object */;
			proxyType = 1;
			remoteGlobalIDString = 45318DFF23ACB83B00A37F63;
			remoteInfo = BubbleSort;
		};
/* End PBXContainerItemProxy section */

/* Begin PBXFileReference section */
		45318E0023ACB83B00A37F63 /* BubbleSort.app */ = {isa = PBXFileReference; explicitFileType = wrapper.application; includeInIndex = 0; path = BubbleSort.app; sourceTree = BUILT_PRODUCTS_DIR; };
		45318E0323ACB83B00A37F63 /* AppDelegate.h */ = {isa = PBXFileReference; lastKnownFileType = sourcecode.c.h; path = AppDelegate.h; sourceTree = "<group>"; };
		45318E0423ACB83B00A37F63 /* AppDelegate.m */ = {isa = PBXFileReference; lastKnownFileType = sourcecode.c.objc; path = AppDelegate.m; sourceTree = "<group>"; };
		45318E0623ACB83B00A37F63 /* ViewController.h */ = {isa = PBXFileReference; lastKnownFileType = sourcecode.c.h; path = ViewController.h; sourceTree = "<group>"; };
		45318E0723ACB83B00A37F63 /* ViewController.m */ = {isa = PBXFileReference; lastKnownFileType = sourcecode.c.objc; path = ViewController.m; sourceTree = "<group>"; };
		45318E0A23ACB83B00A37F63 /* Base */ = {isa = PBXFileReference; lastKnownFileType = file.storyboard; name = Base; path = Base.lproj/Main.storyboard; sourceTree = "<group>"; };
		45318E0C23ACB83C00A37F63 /* Assets.xcassets */ = {isa = PBXFileReference; lastKnownFileType = folder.assetcatalog; path = Assets.xcassets; sourceTree = "<group>"; };
		45318E0F23ACB83C00A37F63 /* Base */ = {isa = PBXFileReference; lastKnownFileType = file.storyboard; name = Base; path = Base.lproj/LaunchScreen.storyboard; sourceTree = "<group>"; };
		45318E1123ACB83C00A37F63 /* Info.plist */ = {isa = PBXFileReference; lastKnownFileType = text.plist.xml; path = Info.plist; sourceTree = "<group>"; };
		45318E1223ACB83C00A37F63 /* main.m */ = {isa = PBXFileReference; lastKnownFileType = sourcecode.c.objc; path = main.m; sourceTree = "<group>"; };
		45318E1823ACB83C00A37F63 /* BubbleSortTests.xctest */ = {isa = PBXFileReference; explicitFileType = wrapper.cfbundle; includeInIndex = 0; path = BubbleSortTests.xctest; sourceTree = BUILT_PRODUCTS_DIR; };
		45318E1C23ACB83C00A37F63 /* BubbleSortTests.m */ = {isa = PBXFileReference; lastKnownFileType = sourcecode.c.objc; path = BubbleSortTests.m; sourceTree = "<group>"; };
		45318E1E23ACB83C00A37F63 /* Info.plist */ = {isa = PBXFileReference; lastKnownFileType = text.plist.xml; path = Info.plist; sourceTree = "<group>"; };
		45318E2323ACB83C00A37F63 /* BubbleSortUITests.xctest */ = {isa = PBXFileReference; explicitFileType = wrapper.cfbundle; includeInIndex = 0; path = BubbleSortUITests.xctest; sourceTree = BUILT_PRODUCTS_DIR; };
		45318E2723ACB83C00A37F63 /* BubbleSortUITests.m */ = {isa = PBXFileReference; lastKnownFileType = sourcecode.c.objc; path = BubbleSortUITests.m; sourceTree = "<group>"; };
		45318E2923ACB83C00A37F63 /* Info.plist */ = {isa = PBXFileReference; lastKnownFileType = text.plist.xml; path = Info.plist; sourceTree = "<group>"; };
/* End PBXFileReference section */

/* Begin PBXFrameworksBuildPhase section */
		45318DFD23ACB83B00A37F63 /* Frameworks */ = {
			isa = PBXFrameworksBuildPhase;
			buildActionMask = 2147483647;
			files = (
			);
			runOnlyForDeploymentPostprocessing = 0;
		};
		45318E1523ACB83C00A37F63 /* Frameworks */ = {
			isa = PBXFrameworksBuildPhase;
			buildActionMask = 2147483647;
			files = (
			);
			runOnlyForDeploymentPostprocessing = 0;
		};
		45318E2023ACB83C00A37F63 /* Frameworks */ = {
			isa = PBXFrameworksBuildPhase;
			buildActionMask = 2147483647;
			files = (
			);
			runOnlyForDeploymentPostprocessing = 0;
		};
/* End PBXFrameworksBuildPhase section */

/* Begin PBXGroup section */
		45318DF723ACB83B00A37F63 = {
			isa = PBXGroup;
			children = (
				45318E0223ACB83B00A37F63 /* BubbleSort */,
				45318E1B23ACB83C00A37F63 /* BubbleSortTests */,
				45318E2623ACB83C00A37F63 /* BubbleSortUITests */,
				45318E0123ACB83B00A37F63 /* Products */,
			);
			sourceTree = "<group>";
		};
		45318E0123ACB83B00A37F63 /* Products */ = {
			isa = PBXGroup;
			children = (
				45318E0023ACB83B00A37F63 /* BubbleSort.app */,
				45318E1823ACB83C00A37F63 /* BubbleSortTests.xctest */,
				45318E2323ACB83C00A37F63 /* BubbleSortUITests.xctest */,
			);
			name = Products;
			sourceTree = "<group>";
		};
		45318E0223ACB83B00A37F63 /* BubbleSort */ = {
			isa = PBXGroup;
			children = (
				45318E0323ACB83B00A37F63 /* AppDelegate.h */,
				45318E0423ACB83B00A37F63 /* AppDelegate.m */,
				45318E0623ACB83B00A37F63 /* ViewController.h */,
				45318E0723ACB83B00A37F63 /* ViewController.m */,
				45318E0923ACB83B00A37F63 /* Main.storyboard */,
				45318E0C23ACB83C00A37F63 /* Assets.xcassets */,
				45318E0E23ACB83C00A37F63 /* LaunchScreen.storyboard */,
				45318E1123ACB83C00A37F63 /* Info.plist */,
				45318E1223ACB83C00A37F63 /* main.m */,
			);
			path = BubbleSort;
			sourceTree = "<group>";
		};
		45318E1B23ACB83C00A37F63 /* BubbleSortTests */ = {
			isa = PBXGroup;
			children = (
				45318E1C23ACB83C00A37F63 /* BubbleSortTests.m */,
				45318E1E23ACB83C00A37F63 /* Info.plist */,
			);
			path = BubbleSortTests;
			sourceTree = "<group>";
		};
		45318E2623ACB83C00A37F63 /* BubbleSortUITests */ = {
			isa = PBXGroup;
			children = (
				45318E2723ACB83C00A37F63 /* BubbleSortUITests.m */,
				45318E2923ACB83C00A37F63 /* Info.plist */,
			);
			path = BubbleSortUITests;
			sourceTree = "<group>";
		};
/* End PBXGroup section */

/* Begin PBXNativeTarget section */
		45318DFF23ACB83B00A37F63 /* BubbleSort */ = {
			isa = PBXNativeTarget;
			buildConfigurationList = 45318E2C23ACB83C00A37F63 /* Build configuration list for PBXNativeTarget "BubbleSort" */;
			buildPhases = (
				45318DFC23ACB83B00A37F63 /* Sources */,
				45318DFD23ACB83B00A37F63 /* Frameworks */,
				45318DFE23ACB83B00A37F63 /* Resources */,
			);
			buildRules = (
			);
			dependencies = (
			);
			name = BubbleSort;
			productName = BubbleSort;
			productReference = 45318E0023ACB83B00A37F63 /* BubbleSort.app */;
			productType = "com.apple.product-type.application";
		};
		45318E1723ACB83C00A37F63 /* BubbleSortTests */ = {
			isa = PBXNativeTarget;
			buildConfigurationList = 45318E2F23ACB83C00A37F63 /* Build configuration list for PBXNativeTarget "BubbleSortTests" */;
			buildPhases = (
				45318E1423ACB83C00A37F63 /* Sources */,
				45318E1523ACB83C00A37F63 /* Frameworks */,
				45318E1623ACB83C00A37F63 /* Resources */,
			);
			buildRules = (
			);
			dependencies = (
				45318E1A23ACB83C00A37F63 /* PBXTargetDependency */,
			);
			name = BubbleSortTests;
			productName = BubbleSortTests;
			productReference = 45318E1823ACB83C00A37F63 /* BubbleSortTests.xctest */;
			productType = "com.apple.product-type.bundle.unit-test";
		};
		45318E2223ACB83C00A37F63 /* BubbleSortUITests */ = {
			isa = PBXNativeTarget;
			buildConfigurationList = 45318E3223ACB83C00A37F63 /* Build configuration list for PBXNativeTarget "BubbleSortUITests" */;
			buildPhases = (
				45318E1F23ACB83C00A37F63 /* Sources */,
				45318E2023ACB83C00A37F63 /* Frameworks */,
				45318E2123ACB83C00A37F63 /* Resources */,
			);
			buildRules = (
			);
			dependencies = (
				45318E2523ACB83C00A37F63 /* PBXTargetDependency */,
			);
			name = BubbleSortUITests;
			productName = BubbleSortUITests;
			productReference = 45318E2323ACB83C00A37F63 /* BubbleSortUITests.xctest */;
			productType = "com.apple.product-type.bundle.ui-testing";
		};
/* End PBXNativeTarget section */

/* Begin PBXProject section */
		45318DF823ACB83B00A37F63 /* Project object */ = {
			isa = PBXProject;
			attributes = {
				LastUpgradeCheck = 1030;
				ORGANIZATIONNAME = "冯攀";
				TargetAttributes = {
					45318DFF23ACB83B00A37F63 = {
						CreatedOnToolsVersion = 10.3;
					};
					45318E1723ACB83C00A37F63 = {
						CreatedOnToolsVersion = 10.3;
						TestTargetID = 45318DFF23ACB83B00A37F63;
					};
					45318E2223ACB83C00A37F63 = {
						CreatedOnToolsVersion = 10.3;
						TestTargetID = 45318DFF23ACB83B00A37F63;
					};
				};
			};
			buildConfigurationList = 45318DFB23ACB83B00A37F63 /* Build configuration list for PBXProject "BubbleSort" */;
			compatibilityVersion = "Xcode 9.3";
			developmentRegion = en;
			hasScannedForEncodings = 0;
			knownRegions = (
				en,
				Base,
			);
			mainGroup = 45318DF723ACB83B00A37F63;
			productRefGroup = 45318E0123ACB83B00A37F63 /* Products */;
			projectDirPath = "";
			projectRoot = "";
			targets = (
				45318DFF23ACB83B00A37F63 /* BubbleSort */,
				45318E1723ACB83C00A37F63 /* BubbleSortTests */,
				45318E2223ACB83C00A37F63 /* BubbleSortUITests */,
			);
		};
/* End PBXProject section */

/* Begin PBXResourcesBuildPhase section */
		45318DFE23ACB83B00A37F63 /* Resources */ = {
			isa = PBXResourcesBuildPhase;
			buildActionMask = 2147483647;
			files = (
				45318E1023ACB83C00A37F63 /* LaunchScreen.storyboard in Resources */,
				45318E0D23ACB83C00A37F63 /* Assets.xcassets in Resources */,
				45318E0B23ACB83B00A37F63 /* Main.storyboard in Resources */,
			);
			runOnlyForDeploymentPostprocessing = 0;
		};
		45318E1623ACB83C00A37F63 /* Resources */ = {
			isa = PBXResourcesBuildPhase;
			buildActionMask = 2147483647;
			files = (
			);
			runOnlyForDeploymentPostprocessing = 0;
		};
		45318E2123ACB83C00A37F63 /* Resources */ = {
			isa = PBXResourcesBuildPhase;
			buildActionMask = 2147483647;
			files = (
			);
			runOnlyForDeploymentPostprocessing = 0;
		};
/* End PBXResourcesBuildPhase section */

/* Begin PBXSourcesBuildPhase section */
		45318DFC23ACB83B00A37F63 /* Sources */ = {
			isa = PBXSourcesBuildPhase;
			buildActionMask = 2147483647;
			files = (
				45318E0823ACB83B00A37F63 /* ViewController.m in Sources */,
				45318E1323ACB83C00A37F63 /* main.m in Sources */,
				45318E0523ACB83B00A37F63 /* AppDelegate.m in Sources */,
			);
			runOnlyForDeploymentPostprocessing = 0;
		};
		45318E1423ACB83C00A37F63 /* Sources */ = {
			isa = PBXSourcesBuildPhase;
			buildActionMask = 2147483647;
			files = (
				45318E1D23ACB83C00A37F63 /* BubbleSortTests.m in Sources */,
			);
			runOnlyForDeploymentPostprocessing = 0;
		};
		45318E1F23ACB83C00A37F63 /* Sources */ = {
			isa = PBXSourcesBuildPhase;
			buildActionMask = 2147483647;
			files = (
				45318E2823ACB83C00A37F63 /* BubbleSortUITests.m in Sources */,
			);
			runOnlyForDeploymentPostprocessing = 0;
		};
/* End PBXSourcesBuildPhase section */

/* Begin PBXTargetDependency section */
		45318E1A23ACB83C00A37F63 /* PBXTargetDependency */ = {
			isa = PBXTargetDependency;
			target = 45318DFF23ACB83B00A37F63 /* BubbleSort */;
			targetProxy = 45318E1923ACB83C00A37F63 /* PBXContainerItemProxy */;
		};
		45318E2523ACB83C00A37F63 /* PBXTargetDependency */ = {
			isa = PBXTargetDependency;
			target = 45318DFF23ACB83B00A37F63 /* BubbleSort */;
			targetProxy = 45318E2423ACB83C00A37F63 /* PBXContainerItemProxy */;
		};
/* End PBXTargetDependency section */

/* Begin PBXVariantGroup section */
		45318E0923ACB83B00A37F63 /* Main.storyboard */ = {
			isa = PBXVariantGroup;
			children = (
				45318E0A23ACB83B00A37F63 /* Base */,
			);
			name = Main.storyboard;
			sourceTree = "<group>";
		};
		45318E0E23ACB83C00A37F63 /* LaunchScreen.storyboard */ = {
			isa = PBXVariantGroup;
			children = (
				45318E0F23ACB83C00A37F63 /* Base */,
			);
			name = LaunchScreen.storyboard;
			sourceTree = "<group>";
		};
/* End PBXVariantGroup section */

/* Begin XCBuildConfiguration section */
		45318E2A23ACB83C00A37F63 /* Debug */ = {
			isa = XCBuildConfiguration;
			buildSettings = {
				ALWAYS_SEARCH_USER_PATHS = NO;
				CLANG_ANALYZER_NONNULL = YES;
				CLANG_ANALYZER_NUMBER_OBJECT_CONVERSION = YES_AGGRESSIVE;
				CLANG_CXX_LANGUAGE_STANDARD = "gnu++14";
				CLANG_CXX_LIBRARY = "libc++";
				CLANG_ENABLE_MODULES = YES;
				CLANG_ENABLE_OBJC_ARC = YES;
				CLANG_ENABLE_OBJC_WEAK = YES;
				CLANG_WARN_BLOCK_CAPTURE_AUTORELEASING = YES;
				CLANG_WARN_BOOL_CONVERSION = YES;
				CLANG_WARN_COMMA = YES;
				CLANG_WARN_CONSTANT_CONVERSION = YES;
				CLANG_WARN_DEPRECATED_OBJC_IMPLEMENTATIONS = YES;
				CLANG_WARN_DIRECT_OBJC_ISA_USAGE = YES_ERROR;
				CLANG_WARN_DOCUMENTATION_COMMENTS = YES;
				CLANG_WARN_EMPTY_BODY = YES;
				CLANG_WARN_ENUM_CONVERSION = YES;
				CLANG_WARN_INFINITE_RECURSION = YES;
				CLANG_WARN_INT_CONVERSION = YES;
				CLANG_WARN_NON_LITERAL_NULL_CONVERSION = YES;
				CLANG_WARN_OBJC_IMPLICIT_RETAIN_SELF = YES;
				CLANG_WARN_OBJC_LITERAL_CONVERSION = YES;
				CLANG_WARN_OBJC_ROOT_CLASS = YES_ERROR;
				CLANG_WARN_RANGE_LOOP_ANALYSIS = YES;
				CLANG_WARN_STRICT_PROTOTYPES = YES;
				CLANG_WARN_SUSPICIOUS_MOVE = YES;
				CLANG_WARN_UNGUARDED_AVAILABILITY = YES_AGGRESSIVE;
				CLANG_WARN_UNREACHABLE_CODE = YES;
				CLANG_WARN__DUPLICATE_METHOD_MATCH = YES;
				CODE_SIGN_IDENTITY = "iPhone Developer";
				COPY_PHASE_STRIP = NO;
				DEBUG_INFORMATION_FORMAT = dwarf;
				ENABLE_STRICT_OBJC_MSGSEND = YES;
				ENABLE_TESTABILITY = YES;
				GCC_C_LANGUAGE_STANDARD = gnu11;
				GCC_DYNAMIC_NO_PIC = NO;
				GCC_NO_COMMON_BLOCKS = YES;
				GCC_OPTIMIZATION_LEVEL = 0;
				GCC_PREPROCESSOR_DEFINITIONS = (
					"DEBUG=1",
					"$(inherited)",
				);
				GCC_WARN_64_TO_32_BIT_CONVERSION = YES;
				GCC_WARN_ABOUT_RETURN_TYPE = YES_ERROR;
				GCC_WARN_UNDECLARED_SELECTOR = YES;
				GCC_WARN_UNINITIALIZED_AUTOS = YES_AGGRESSIVE;
				GCC_WARN_UNUSED_FUNCTION = YES;
				GCC_WARN_UNUSED_VARIABLE = YES;
				IPHONEOS_DEPLOYMENT_TARGET = 12.4;
				MTL_ENABLE_DEBUG_INFO = INCLUDE_SOURCE;
				MTL_FAST_MATH = YES;
				ONLY_ACTIVE_ARCH = YES;
				SDKROOT = iphoneos;
			};
			name = Debug;
		};
		45318E2B23ACB83C00A37F63 /* Release */ = {
			isa = XCBuildConfiguration;
			buildSettings = {
				ALWAYS_SEARCH_USER_PATHS = NO;
				CLANG_ANALYZER_NONNULL = YES;
				CLANG_ANALYZER_NUMBER_OBJECT_CONVERSION = YES_AGGRESSIVE;
				CLANG_CXX_LANGUAGE_STANDARD = "gnu++14";
				CLANG_CXX_LIBRARY = "libc++";
				CLANG_ENABLE_MODULES = YES;
				CLANG_ENABLE_OBJC_ARC = YES;
				CLANG_ENABLE_OBJC_WEAK = YES;
				CLANG_WARN_BLOCK_CAPTURE_AUTORELEASING = YES;
				CLANG_WARN_BOOL_CONVERSION = YES;
				CLANG_WARN_COMMA = YES;
				CLANG_WARN_CONSTANT_CONVERSION = YES;
				CLANG_WARN_DEPRECATED_OBJC_IMPLEMENTATIONS = YES;
				CLANG_WARN_DIRECT_OBJC_ISA_USAGE = YES_ERROR;
				CLANG_WARN_DOCUMENTATION_COMMENTS = YES;
				CLANG_WARN_EMPTY_BODY = YES;
				CLANG_WARN_ENUM_CONVERSION = YES;
				CLANG_WARN_INFINITE_RECURSION = YES;
				CLANG_WARN_INT_CONVERSION = YES;
				CLANG_WARN_NON_LITERAL_NULL_CONVERSION = YES;
				CLANG_WARN_OBJC_IMPLICIT_RETAIN_SELF = YES;
				CLANG_WARN_OBJC_LITERAL_CONVERSION = YES;
				CLANG_WARN_OBJC_ROOT_CLASS = YES_ERROR;
				CLANG_WARN_RANGE_LOOP_ANALYSIS = YES;
				CLANG_WARN_STRICT_PROTOTYPES = YES;
				CLANG_WARN_SUSPICIOUS_MOVE = YES;
				CLANG_WARN_UNGUARDED_AVAILABILITY = YES_AGGRESSIVE;
				CLANG_WARN_UNREACHABLE_CODE = YES;
				CLANG_WARN__DUPLICATE_METHOD_MATCH = YES;
				CODE_SIGN_IDENTITY = "iPhone Developer";
				COPY_PHASE_STRIP = NO;
				DEBUG_INFORMATION_FORMAT = "dwarf-with-dsym";
				ENABLE_NS_ASSERTIONS = NO;
				ENABLE_STRICT_OBJC_MSGSEND = YES;
				GCC_C_LANGUAGE_STANDARD = gnu11;
				GCC_NO_COMMON_BLOCKS = YES;
				GCC_WARN_64_TO_32_BIT_CONVERSION = YES;
				GCC_WARN_ABOUT_RETURN_TYPE = YES_ERROR;
				GCC_WARN_UNDECLARED_SELECTOR = YES;
				GCC_WARN_UNINITIALIZED_AUTOS = YES_AGGRESSIVE;
				GCC_WARN_UNUSED_FUNCTION = YES;
				GCC_WARN_UNUSED_VARIABLE = YES;
				IPHONEOS_DEPLOYMENT_TARGET = 12.4;
				MTL_ENABLE_DEBUG_INFO = NO;
				MTL_FAST_MATH = YES;
				SDKROOT = iphoneos;
				VALIDATE_PRODUCT = YES;
			};
			name = Release;
		};
		45318E2D23ACB83C00A37F63 /* Debug */ = {
			isa = XCBuildConfiguration;
			buildSettings = {
				ASSETCATALOG_COMPILER_APPICON_NAME = AppIcon;
				CODE_SIGN_STYLE = Automatic;
				DEVELOPMENT_TEAM = W2V2H39UC8;
				INFOPLIST_FILE = BubbleSort/Info.plist;
				LD_RUNPATH_SEARCH_PATHS = (
					"$(inherited)",
					"@executable_path/Frameworks",
				);
				PRODUCT_BUNDLE_IDENTIFIER = ModelSort.BubbleSort;
				PRODUCT_NAME = "$(TARGET_NAME)";
				TARGETED_DEVICE_FAMILY = "1,2";
			};
			name = Debug;
		};
		45318E2E23ACB83C00A37F63 /* Release */ = {
			isa = XCBuildConfiguration;
			buildSettings = {
				ASSETCATALOG_COMPILER_APPICON_NAME = AppIcon;
				CODE_SIGN_STYLE = Automatic;
				DEVELOPMENT_TEAM = W2V2H39UC8;
				INFOPLIST_FILE = BubbleSort/Info.plist;
				LD_RUNPATH_SEARCH_PATHS = (
					"$(inherited)",
					"@executable_path/Frameworks",
				);
				PRODUCT_BUNDLE_IDENTIFIER = ModelSort.BubbleSort;
				PRODUCT_NAME = "$(TARGET_NAME)";
				TARGETED_DEVICE_FAMILY = "1,2";
			};
			name = Release;
		};
		45318E3023ACB83C00A37F63 /* Debug */ = {
			isa = XCBuildConfiguration;
			buildSettings = {
				BUNDLE_LOADER = "$(TEST_HOST)";
				CODE_SIGN_STYLE = Automatic;
				DEVELOPMENT_TEAM = W2V2H39UC8;
				INFOPLIST_FILE = BubbleSortTests/Info.plist;
				LD_RUNPATH_SEARCH_PATHS = (
					"$(inherited)",
					"@executable_path/Frameworks",
					"@loader_path/Frameworks",
				);
				PRODUCT_BUNDLE_IDENTIFIER = ModelSort.BubbleSortTests;
				PRODUCT_NAME = "$(TARGET_NAME)";
				TARGETED_DEVICE_FAMILY = "1,2";
				TEST_HOST = "$(BUILT_PRODUCTS_DIR)/BubbleSort.app/BubbleSort";
			};
			name = Debug;
		};
		45318E3123ACB83C00A37F63 /* Release */ = {
			isa = XCBuildConfiguration;
			buildSettings = {
				BUNDLE_LOADER = "$(TEST_HOST)";
				CODE_SIGN_STYLE = Automatic;
				DEVELOPMENT_TEAM = W2V2H39UC8;
				INFOPLIST_FILE = BubbleSortTests/Info.plist;
				LD_RUNPATH_SEARCH_PATHS = (
					"$(inherited)",
					"@executable_path/Frameworks",
					"@loader_path/Frameworks",
				);
				PRODUCT_BUNDLE_IDENTIFIER = ModelSort.BubbleSortTests;
				PRODUCT_NAME = "$(TARGET_NAME)";
				TARGETED_DEVICE_FAMILY = "1,2";
				TEST_HOST = "$(BUILT_PRODUCTS_DIR)/BubbleSort.app/BubbleSort";
			};
			name = Release;
		};
		45318E3323ACB83C00A37F63 /* Debug */ = {
			isa = XCBuildConfiguration;
			buildSettings = {
				CODE_SIGN_STYLE = Automatic;
				DEVELOPMENT_TEAM = W2V2H39UC8;
				INFOPLIST_FILE = BubbleSortUITests/Info.plist;
				LD_RUNPATH_SEARCH_PATHS = (
					"$(inherited)",
					"@executable_path/Frameworks",
					"@loader_path/Frameworks",
				);
				PRODUCT_BUNDLE_IDENTIFIER = ModelSort.BubbleSortUITests;
				PRODUCT_NAME = "$(TARGET_NAME)";
				TARGETED_DEVICE_FAMILY = "1,2";
				TEST_TARGET_NAME = BubbleSort;
			};
			name = Debug;
		};
		45318E3423ACB83C00A37F63 /* Release */ = {
			isa = XCBuildConfiguration;
			buildSettings = {
				CODE_SIGN_STYLE = Automatic;
				DEVELOPMENT_TEAM = W2V2H39UC8;
				INFOPLIST_FILE = BubbleSortUITests/Info.plist;
				LD_RUNPATH_SEARCH_PATHS = (
					"$(inherited)",
					"@executable_path/Frameworks",
					"@loader_path/Frameworks",
				);
				PRODUCT_BUNDLE_IDENTIFIER = ModelSort.BubbleSortUITests;
				PRODUCT_NAME = "$(TARGET_NAME)";
				TARGETED_DEVICE_FAMILY = "1,2";
				TEST_TARGET_NAME = BubbleSort;
			};
			name = Release;
		};
/* End XCBuildConfiguration section */

/* Begin XCConfigurationList section */
		45318DFB23ACB83B00A37F63 /* Build configuration list for PBXProject "BubbleSort" */ = {
			isa = XCConfigurationList;
			buildConfigurations = (
				45318E2A23ACB83C00A37F63 /* Debug */,
				45318E2B23ACB83C00A37F63 /* Release */,
			);
			defaultConfigurationIsVisible = 0;
			defaultConfigurationName = Release;
		};
		45318E2C23ACB83C00A37F63 /* Build configuration list for PBXNativeTarget "BubbleSort" */ = {
			isa = XCConfigurationList;
			buildConfigurations = (
				45318E2D23ACB83C00A37F63 /* Debug */,
				45318E2E23ACB83C00A37F63 /* Release */,
			);
			defaultConfigurationIsVisible = 0;
			defaultConfigurationName = Release;
		};
		45318E2F23ACB83C00A37F63 /* Build configuration list for PBXNativeTarget "BubbleSortTests" */ = {
			isa = XCConfigurationList;
			buildConfigurations = (
				45318E3023ACB83C00A37F63 /* Debug */,
				45318E3123ACB83C00A37F63 /* Release */,
			);
			defaultConfigurationIsVisible = 0;
			defaultConfigurationName = Release;
		};
		45318E3223ACB83C00A37F63 /* Build configuration list for PBXNativeTarget "BubbleSortUITests" */ = {
			isa = XCConfigurationList;
			buildConfigurations = (
				45318E3323ACB83C00A37F63 /* Debug */,
				45318E3423ACB83C00A37F63 /* Release */,
			);
			defaultConfigurationIsVisible = 0;
			defaultConfigurationName = Release;
		};
/* End XCConfigurationList section */
	};
	rootObject = 45318DF823ACB83B00A37F63 /* Project object */;
}
